
Microsoft Visual Studio Solution File, Format Version 10.00
# Visual Studio 2008
Project("{FAE04EC0-301F-11D3-BF4B-00C04F79EFBC}") = "HBCrestronLibrary", "HBCrestronLibrary\HBCrestronLibrary.csproj", "{6A074642-EC95-4D75-870F-0B7F470B0295}"
EndProject
Global
	GlobalSection(SolutionConfigurationPlatforms) = preSolution
		Debug|Any CPU = Debug|Any CPU
		Release|Any CPU = Release|Any CPU
	EndGlobalSection
	GlobalSection(ProjectConfigurationPlatforms) = postSolution
		{6A074642-EC95-4D75-870F-0B7F470B0295}.Debug|Any CPU.ActiveCfg = Debug|Any CPU
		{6A074642-EC95-4D75-870F-0B7F470B0295}.Debug|Any CPU.Build.0 = Debug|Any CPU
		{6A074642-EC95-4D75-870F-0B7F470B0295}.Release|Any CPU.ActiveCfg = Release|Any CPU
		{6A074642-EC95-4D75-870F-0B7F470B0295}.Release|Any CPU.Build.0 = Release|Any CPU
	EndGlobalSection
	GlobalSection(SolutionProperties) = preSolution
		HideSolutionNode = FALSE
	EndGlobalSection
EndGlobal
